// !$*UTF8*$!
{
	archiveVersion = 1;
	classes = {
	};
	objectVersion = 56;
	objects = {

/* Begin PBXBuildFile section */
		AE0212E629BA678300B63047 /* ReceiptParser in Frameworks */ = {isa = PBXBuildFile; productRef = AE0212E529BA678300B63047 /* ReceiptParser */; };
		AE0212E829BA678300B63047 /* RevenueCat in Frameworks */ = {isa = PBXBuildFile; productRef = AE0212E729BA678300B63047 /* RevenueCat */; };
		AE0212EC29BA696400B63047 /* GoogleService-Info.plist in Resources */ = {isa = PBXBuildFile; fileRef = AE0212EB29BA696400B63047 /* GoogleService-Info.plist */; };
		AE1D376B29256138003A46F4 /* ConnectionToolbar.swift in Sources */ = {isa = PBXBuildFile; fileRef = AE1D376A29256138003A46F4 /* ConnectionToolbar.swift */; };
		AE1D376D2925A919003A46F4 /* SimpleTimerService.swift in Sources */ = {isa = PBXBuildFile; fileRef = AE1D376C2925A919003A46F4 /* SimpleTimerService.swift */; };
		AE1D376F29279C2D003A46F4 /* DeviceCheckAppCheckProviderFactory.swift in Sources */ = {isa = PBXBuildFile; fileRef = AE1D376E29279C2D003A46F4 /* DeviceCheckAppCheckProviderFactory.swift */; };
		AE6A729428E21AE4001628E2 /* hibernia_iosApp.swift in Sources */ = {isa = PBXBuildFile; fileRef = AE6A729328E21AE4001628E2 /* hibernia_iosApp.swift */; };
		AE6A729628E21AE4001628E2 /* MainView.swift in Sources */ = {isa = PBXBuildFile; fileRef = AE6A729528E21AE4001628E2 /* MainView.swift */; };
		AE6A729828E21AE5001628E2 /* Assets.xcassets in Resources */ = {isa = PBXBuildFile; fileRef = AE6A729728E21AE5001628E2 /* Assets.xcassets */; };
		AE6A729B28E21AE5001628E2 /* Preview Assets.xcassets in Resources */ = {isa = PBXBuildFile; fileRef = AE6A729A28E21AE5001628E2 /* Preview Assets.xcassets */; };
		AE6A72A428E21B31001628E2 /* NetworkExtension.framework in Frameworks */ = {isa = PBXBuildFile; fileRef = AE6A72A328E21B31001628E2 /* NetworkExtension.framework */; };
		AE6F8AF829BFD97C00FDE418 /* Qonversion in Frameworks */ = {isa = PBXBuildFile; productRef = AE6F8AF729BFD97C00FDE418 /* Qonversion */; };
		AE6F8AFB29C8C99600FDE418 /* FirebaseAppCheck in Frameworks */ = {isa = PBXBuildFile; productRef = AE6F8AFA29C8C99600FDE418 /* FirebaseAppCheck */; };
		AE6F8AFD29C8C99600FDE418 /* FirebaseFirestoreSwift in Frameworks */ = {isa = PBXBuildFile; productRef = AE6F8AFC29C8C99600FDE418 /* FirebaseFirestoreSwift */; };
		AE6F8AFF29C8C99600FDE418 /* FirebaseMessaging in Frameworks */ = {isa = PBXBuildFile; productRef = AE6F8AFE29C8C99600FDE418 /* FirebaseMessaging */; };
		AE6F8B0129C8C99600FDE418 /* FirebaseRemoteConfigSwift in Frameworks */ = {isa = PBXBuildFile; productRef = AE6F8B0029C8C99600FDE418 /* FirebaseRemoteConfigSwift */; };
		AE7D104628ECA7CC006BEB18 /* StoreKit.framework in Frameworks */ = {isa = PBXBuildFile; fileRef = AE7D104528ECA7CC006BEB18 /* StoreKit.framework */; };
		AE7D104828ECAD23006BEB18 /* IAPSubscriptionService.swift in Sources */ = {isa = PBXBuildFile; fileRef = AE7D104728ECAD23006BEB18 /* IAPSubscriptionService.swift */; };
		AE7D104C28EE53C5006BEB18 /* ErrorDisplayView.swift in Sources */ = {isa = PBXBuildFile; fileRef = AE7D104B28EE53C5006BEB18 /* ErrorDisplayView.swift */; };
		AE8EF995291FA39D00C554A0 /* AppAttestAppCheckProviderFactory.swift in Sources */ = {isa = PBXBuildFile; fileRef = AE8EF994291FA39D00C554A0 /* AppAttestAppCheckProviderFactory.swift */; };
		AEB4AC6A28EF79170076D0F6 /* NetworkExtension.framework in Frameworks */ = {isa = PBXBuildFile; fileRef = AE6A72A328E21B31001628E2 /* NetworkExtension.framework */; };
		AEB4AC6D28EF79170076D0F6 /* PacketTunnelProvider.swift in Sources */ = {isa = PBXBuildFile; fileRef = AEB4AC6C28EF79170076D0F6 /* PacketTunnelProvider.swift */; };
		AEB4AC7228EF79170076D0F6 /* OpenVPNTunnel.appex in Embed Foundation Extensions */ = {isa = PBXBuildFile; fileRef = AEB4AC6928EF79170076D0F6 /* OpenVPNTunnel.appex */; settings = {ATTRIBUTES = (RemoveHeadersOnCopy, ); }; };
		AEB4AC7728EF79930076D0F6 /* TunnelKitOpenVPN in Frameworks */ = {isa = PBXBuildFile; productRef = AEB4AC7628EF79930076D0F6 /* TunnelKitOpenVPN */; };
		AEB4AC7928EF79A00076D0F6 /* TunnelKitOpenVPNAppExtension in Frameworks */ = {isa = PBXBuildFile; productRef = AEB4AC7828EF79A00076D0F6 /* TunnelKitOpenVPNAppExtension */; };
		AEFCD1CB28E8875B008D9694 /* ColorExtension.swift in Sources */ = {isa = PBXBuildFile; fileRef = AEFCD1CA28E8875B008D9694 /* ColorExtension.swift */; };
		AEFCD1CD28E8F44A008D9694 /* VPNService.swift in Sources */ = {isa = PBXBuildFile; fileRef = AEFCD1CC28E8F44A008D9694 /* VPNService.swift */; };
		AEFCD1CF28E9EC81008D9694 /* NeumorphicViews.swift in Sources */ = {isa = PBXBuildFile; fileRef = AEFCD1CE28E9EC81008D9694 /* NeumorphicViews.swift */; };
		AEFCD1D128EA1909008D9694 /* VPNConnectButton.swift in Sources */ = {isa = PBXBuildFile; fileRef = AEFCD1D028EA1909008D9694 /* VPNConnectButton.swift */; };
		AEFCD1D328EA1945008D9694 /* CountrySelectorView.swift in Sources */ = {isa = PBXBuildFile; fileRef = AEFCD1D228EA1945008D9694 /* CountrySelectorView.swift */; };
		AEFCD1D528EBB7CC008D9694 /* ViewSwitcherBarButtonView.swift in Sources */ = {isa = PBXBuildFile; fileRef = AEFCD1D428EBB7CC008D9694 /* ViewSwitcherBarButtonView.swift */; };
		AEFCD1D728EC6D0C008D9694 /* Comfortaa-Bold.ttf in Resources */ = {isa = PBXBuildFile; fileRef = AEFCD1D628EC6CB4008D9694 /* Comfortaa-Bold.ttf */; };
		AEFCD1DA28EC6FE8008D9694 /* PurchaseSubscriptionButtonView.swift in Sources */ = {isa = PBXBuildFile; fileRef = AEFCD1D928EC6FE8008D9694 /* PurchaseSubscriptionButtonView.swift */; };
/* End PBXBuildFile section */

/* Begin PBXContainerItemProxy section */
		AEB4AC7028EF79170076D0F6 /* PBXContainerItemProxy */ = {
			isa = PBXContainerItemProxy;
			containerPortal = AE6A728828E21AE3001628E2 /* Project object */;
			proxyType = 1;
			remoteGlobalIDString = AEB4AC6828EF79170076D0F6;
			remoteInfo = OpenVPNTunnel;
		};
/* End PBXContainerItemProxy section */

/* Begin PBXCopyFilesBuildPhase section */
		AEB4AC4F28EF72540076D0F6 /* Embed Foundation Extensions */ = {
			isa = PBXCopyFilesBuildPhase;
			buildActionMask = 2147483647;
			dstPath = "";
			dstSubfolderSpec = 13;
			files = (
				AEB4AC7228EF79170076D0F6 /* OpenVPNTunnel.appex in Embed Foundation Extensions */,
			);
			name = "Embed Foundation Extensions";
			runOnlyForDeploymentPostprocessing = 0;
		};
/* End PBXCopyFilesBuildPhase section */

/* Begin PBXFileReference section */
		AE0212EB29BA696400B63047 /* GoogleService-Info.plist */ = {isa = PBXFileReference; fileEncoding = 4; lastKnownFileType = text.plist.xml; path = "GoogleService-Info.plist"; sourceTree = "<group>"; };
		AE0EB82128F8EADA002939F9 /* Info.plist */ = {isa = PBXFileReference; lastKnownFileType = text.plist; path = Info.plist; sourceTree = "<group>"; };
		AE1D376A29256138003A46F4 /* ConnectionToolbar.swift */ = {isa = PBXFileReference; lastKnownFileType = sourcecode.swift; path = ConnectionToolbar.swift; sourceTree = "<group>"; };
		AE1D376C2925A919003A46F4 /* SimpleTimerService.swift */ = {isa = PBXFileReference; lastKnownFileType = sourcecode.swift; path = SimpleTimerService.swift; sourceTree = "<group>"; };
		AE1D376E29279C2D003A46F4 /* DeviceCheckAppCheckProviderFactory.swift */ = {isa = PBXFileReference; lastKnownFileType = sourcecode.swift; path = DeviceCheckAppCheckProviderFactory.swift; sourceTree = "<group>"; };
		AE6A729028E21AE3001628E2 /* hibernia-ios.app */ = {isa = PBXFileReference; explicitFileType = wrapper.application; includeInIndex = 0; path = "hibernia-ios.app"; sourceTree = BUILT_PRODUCTS_DIR; };
		AE6A729328E21AE4001628E2 /* hibernia_iosApp.swift */ = {isa = PBXFileReference; lastKnownFileType = sourcecode.swift; path = hibernia_iosApp.swift; sourceTree = "<group>"; };
		AE6A729528E21AE4001628E2 /* MainView.swift */ = {isa = PBXFileReference; lastKnownFileType = sourcecode.swift; path = MainView.swift; sourceTree = "<group>"; };
		AE6A729728E21AE5001628E2 /* Assets.xcassets */ = {isa = PBXFileReference; lastKnownFileType = folder.assetcatalog; path = Assets.xcassets; sourceTree = "<group>"; };
		AE6A729A28E21AE5001628E2 /* Preview Assets.xcassets */ = {isa = PBXFileReference; lastKnownFileType = folder.assetcatalog; path = "Preview Assets.xcassets"; sourceTree = "<group>"; };
		AE6A72A128E21B31001628E2 /* hibernia-ios.entitlements */ = {isa = PBXFileReference; lastKnownFileType = text.plist.entitlements; path = "hibernia-ios.entitlements"; sourceTree = "<group>"; };
		AE6A72A328E21B31001628E2 /* NetworkExtension.framework */ = {isa = PBXFileReference; lastKnownFileType = wrapper.framework; name = NetworkExtension.framework; path = System/Library/Frameworks/NetworkExtension.framework; sourceTree = SDKROOT; };
		AE7D104528ECA7CC006BEB18 /* StoreKit.framework */ = {isa = PBXFileReference; lastKnownFileType = wrapper.framework; name = StoreKit.framework; path = System/Library/Frameworks/StoreKit.framework; sourceTree = SDKROOT; };
		AE7D104728ECAD23006BEB18 /* IAPSubscriptionService.swift */ = {isa = PBXFileReference; lastKnownFileType = sourcecode.swift; path = IAPSubscriptionService.swift; sourceTree = "<group>"; };
		AE7D104928ECDB00006BEB18 /* Products.storekit */ = {isa = PBXFileReference; lastKnownFileType = text; name = Products.storekit; path = "hibernia-ios/Products.storekit"; sourceTree = SOURCE_ROOT; };
		AE7D104B28EE53C5006BEB18 /* ErrorDisplayView.swift */ = {isa = PBXFileReference; lastKnownFileType = sourcecode.swift; path = ErrorDisplayView.swift; sourceTree = "<group>"; };
		AE8EF994291FA39D00C554A0 /* AppAttestAppCheckProviderFactory.swift */ = {isa = PBXFileReference; lastKnownFileType = sourcecode.swift; path = AppAttestAppCheckProviderFactory.swift; sourceTree = "<group>"; };
		AEB4AC6928EF79170076D0F6 /* OpenVPNTunnel.appex */ = {isa = PBXFileReference; explicitFileType = "wrapper.app-extension"; includeInIndex = 0; path = OpenVPNTunnel.appex; sourceTree = BUILT_PRODUCTS_DIR; };
		AEB4AC6C28EF79170076D0F6 /* PacketTunnelProvider.swift */ = {isa = PBXFileReference; lastKnownFileType = sourcecode.swift; path = PacketTunnelProvider.swift; sourceTree = "<group>"; };
		AEB4AC6E28EF79170076D0F6 /* Info.plist */ = {isa = PBXFileReference; lastKnownFileType = text.plist.xml; path = Info.plist; sourceTree = "<group>"; };
		AEB4AC6F28EF79170076D0F6 /* OpenVPNTunnel.entitlements */ = {isa = PBXFileReference; lastKnownFileType = text.plist.entitlements; path = OpenVPNTunnel.entitlements; sourceTree = "<group>"; };
		AEFCD1CA28E8875B008D9694 /* ColorExtension.swift */ = {isa = PBXFileReference; lastKnownFileType = sourcecode.swift; path = ColorExtension.swift; sourceTree = "<group>"; };
		AEFCD1CC28E8F44A008D9694 /* VPNService.swift */ = {isa = PBXFileReference; lastKnownFileType = sourcecode.swift; path = VPNService.swift; sourceTree = "<group>"; };
		AEFCD1CE28E9EC81008D9694 /* NeumorphicViews.swift */ = {isa = PBXFileReference; lastKnownFileType = sourcecode.swift; path = NeumorphicViews.swift; sourceTree = "<group>"; };
		AEFCD1D028EA1909008D9694 /* VPNConnectButton.swift */ = {isa = PBXFileReference; lastKnownFileType = sourcecode.swift; path = VPNConnectButton.swift; sourceTree = "<group>"; };
		AEFCD1D228EA1945008D9694 /* CountrySelectorView.swift */ = {isa = PBXFileReference; lastKnownFileType = sourcecode.swift; path = CountrySelectorView.swift; sourceTree = "<group>"; };
		AEFCD1D428EBB7CC008D9694 /* ViewSwitcherBarButtonView.swift */ = {isa = PBXFileReference; lastKnownFileType = sourcecode.swift; path = ViewSwitcherBarButtonView.swift; sourceTree = "<group>"; };
		AEFCD1D628EC6CB4008D9694 /* Comfortaa-Bold.ttf */ = {isa = PBXFileReference; lastKnownFileType = file; path = "Comfortaa-Bold.ttf"; sourceTree = "<group>"; };
		AEFCD1D928EC6FE8008D9694 /* PurchaseSubscriptionButtonView.swift */ = {isa = PBXFileReference; lastKnownFileType = sourcecode.swift; path = PurchaseSubscriptionButtonView.swift; sourceTree = "<group>"; };
/* End PBXFileReference section */

/* Begin PBXFrameworksBuildPhase section */
		AE6A728D28E21AE3001628E2 /* Frameworks */ = {
			isa = PBXFrameworksBuildPhase;
			buildActionMask = 2147483647;
			files = (
				AE6F8AFF29C8C99600FDE418 /* FirebaseMessaging in Frameworks */,
				AE6A72A428E21B31001628E2 /* NetworkExtension.framework in Frameworks */,
				AE7D104628ECA7CC006BEB18 /* StoreKit.framework in Frameworks */,
				AEB4AC7728EF79930076D0F6 /* TunnelKitOpenVPN in Frameworks */,
				AE6F8AF829BFD97C00FDE418 /* Qonversion in Frameworks */,
				AE6F8AFB29C8C99600FDE418 /* FirebaseAppCheck in Frameworks */,
				AE0212E829BA678300B63047 /* RevenueCat in Frameworks */,
				AE6F8B0129C8C99600FDE418 /* FirebaseRemoteConfigSwift in Frameworks */,
				AE0212E629BA678300B63047 /* ReceiptParser in Frameworks */,
				AE6F8AFD29C8C99600FDE418 /* FirebaseFirestoreSwift in Frameworks */,
			);
			runOnlyForDeploymentPostprocessing = 0;
		};
		AEB4AC6628EF79170076D0F6 /* Frameworks */ = {
			isa = PBXFrameworksBuildPhase;
			buildActionMask = 2147483647;
			files = (
				AEB4AC7928EF79A00076D0F6 /* TunnelKitOpenVPNAppExtension in Frameworks */,
				AEB4AC6A28EF79170076D0F6 /* NetworkExtension.framework in Frameworks */,
			);
			runOnlyForDeploymentPostprocessing = 0;
		};
/* End PBXFrameworksBuildPhase section */

/* Begin PBXGroup section */
		AE27976B28E6584F00DDACF5 /* Services */ = {
			isa = PBXGroup;
			children = (
				AE6F94D029C9D38C00B006E3 /* AppCheck */,
				AEFCD1CC28E8F44A008D9694 /* VPNService.swift */,
				AE1D376C2925A919003A46F4 /* SimpleTimerService.swift */,
				AE7D104728ECAD23006BEB18 /* IAPSubscriptionService.swift */,
			);
			path = Services;
			sourceTree = "<group>";
		};
		AE27976D28E6586200DDACF5 /* Views */ = {
			isa = PBXGroup;
			children = (
				AE6A729528E21AE4001628E2 /* MainView.swift */,
				AE7D104B28EE53C5006BEB18 /* ErrorDisplayView.swift */,
				AEFCD1D228EA1945008D9694 /* CountrySelectorView.swift */,
				AEFCD1D928EC6FE8008D9694 /* PurchaseSubscriptionButtonView.swift */,
				AE1D376A29256138003A46F4 /* ConnectionToolbar.swift */,
				AEFCD1D028EA1909008D9694 /* VPNConnectButton.swift */,
				AEFCD1D428EBB7CC008D9694 /* ViewSwitcherBarButtonView.swift */,
			);
			path = Views;
			sourceTree = "<group>";
		};
		AE6A728728E21AE3001628E2 = {
			isa = PBXGroup;
			children = (
				AE6A729228E21AE3001628E2 /* hibernia-ios */,
				AEB4AC6B28EF79170076D0F6 /* OpenVPNTunnel */,
				AE6A729128E21AE3001628E2 /* Products */,
				AE6A72A228E21B31001628E2 /* Frameworks */,
			);
			sourceTree = "<group>";
		};
		AE6A729128E21AE3001628E2 /* Products */ = {
			isa = PBXGroup;
			children = (
				AE6A729028E21AE3001628E2 /* hibernia-ios.app */,
				AEB4AC6928EF79170076D0F6 /* OpenVPNTunnel.appex */,
			);
			name = Products;
			sourceTree = "<group>";
		};
		AE6A729228E21AE3001628E2 /* hibernia-ios */ = {
			isa = PBXGroup;
			children = (
				AE6A72A128E21B31001628E2 /* hibernia-ios.entitlements */,
				AE7D104928ECDB00006BEB18 /* Products.storekit */,
				AEFCD1D628EC6CB4008D9694 /* Comfortaa-Bold.ttf */,
				AE6A729728E21AE5001628E2 /* Assets.xcassets */,
				AE0EB82128F8EADA002939F9 /* Info.plist */,
				AE0212EB29BA696400B63047 /* GoogleService-Info.plist */,
				AE6A729328E21AE4001628E2 /* hibernia_iosApp.swift */,
				AE7D104228EC9D96006BEB18 /* Helpers */,
				AE27976D28E6586200DDACF5 /* Views */,
				AE27976B28E6584F00DDACF5 /* Services */,
				AE6A729928E21AE5001628E2 /* Preview Content */,
			);
			path = "hibernia-ios";
			sourceTree = "<group>";
		};
		AE6A729928E21AE5001628E2 /* Preview Content */ = {
			isa = PBXGroup;
			children = (
				AE6A729A28E21AE5001628E2 /* Preview Assets.xcassets */,
			);
			path = "Preview Content";
			sourceTree = "<group>";
		};
		AE6A72A228E21B31001628E2 /* Frameworks */ = {
			isa = PBXGroup;
			children = (
				AE7D104528ECA7CC006BEB18 /* StoreKit.framework */,
				AE6A72A328E21B31001628E2 /* NetworkExtension.framework */,
			);
			name = Frameworks;
			sourceTree = "<group>";
		};
		AE6F94D029C9D38C00B006E3 /* AppCheck */ = {
			isa = PBXGroup;
			children = (
				AE8EF994291FA39D00C554A0 /* AppAttestAppCheckProviderFactory.swift */,
				AE1D376E29279C2D003A46F4 /* DeviceCheckAppCheckProviderFactory.swift */,
			);
			path = AppCheck;
			sourceTree = "<group>";
		};
		AE7D104228EC9D96006BEB18 /* Helpers */ = {
			isa = PBXGroup;
			children = (
				AEFCD1CE28E9EC81008D9694 /* NeumorphicViews.swift */,
				AEFCD1CA28E8875B008D9694 /* ColorExtension.swift */,
			);
			path = Helpers;
			sourceTree = "<group>";
		};
		AEB4AC6B28EF79170076D0F6 /* OpenVPNTunnel */ = {
			isa = PBXGroup;
			children = (
				AEB4AC6C28EF79170076D0F6 /* PacketTunnelProvider.swift */,
				AEB4AC6E28EF79170076D0F6 /* Info.plist */,
				AEB4AC6F28EF79170076D0F6 /* OpenVPNTunnel.entitlements */,
			);
			path = OpenVPNTunnel;
			sourceTree = "<group>";
		};
/* End PBXGroup section */

/* Begin PBXNativeTarget section */
		AE6A728F28E21AE3001628E2 /* hibernia-ios */ = {
			isa = PBXNativeTarget;
			buildConfigurationList = AE6A729E28E21AE5001628E2 /* Build configuration list for PBXNativeTarget "hibernia-ios" */;
			buildPhases = (
				AE6A728C28E21AE3001628E2 /* Sources */,
				AE6A728D28E21AE3001628E2 /* Frameworks */,
				AE6A728E28E21AE3001628E2 /* Resources */,
				AEB4AC4F28EF72540076D0F6 /* Embed Foundation Extensions */,
			);
			buildRules = (
			);
			dependencies = (
				AEB4AC7128EF79170076D0F6 /* PBXTargetDependency */,
			);
			name = "hibernia-ios";
			packageProductDependencies = (
				AEB4AC7628EF79930076D0F6 /* TunnelKitOpenVPN */,
				AE0212E529BA678300B63047 /* ReceiptParser */,
				AE0212E729BA678300B63047 /* RevenueCat */,
				AE6F8AF729BFD97C00FDE418 /* Qonversion */,
				AE6F8AFA29C8C99600FDE418 /* FirebaseAppCheck */,
				AE6F8AFC29C8C99600FDE418 /* FirebaseFirestoreSwift */,
				AE6F8AFE29C8C99600FDE418 /* FirebaseMessaging */,
				AE6F8B0029C8C99600FDE418 /* FirebaseRemoteConfigSwift */,
			);
			productName = "hibernia-ios";
			productReference = AE6A729028E21AE3001628E2 /* hibernia-ios.app */;
			productType = "com.apple.product-type.application";
		};
		AEB4AC6828EF79170076D0F6 /* OpenVPNTunnel */ = {
			isa = PBXNativeTarget;
			buildConfigurationList = AEB4AC7328EF79170076D0F6 /* Build configuration list for PBXNativeTarget "OpenVPNTunnel" */;
			buildPhases = (
				AEB4AC6528EF79170076D0F6 /* Sources */,
				AEB4AC6628EF79170076D0F6 /* Frameworks */,
				AEB4AC6728EF79170076D0F6 /* Resources */,
			);
			buildRules = (
			);
			dependencies = (
			);
			name = OpenVPNTunnel;
			packageProductDependencies = (
				AEB4AC7828EF79A00076D0F6 /* TunnelKitOpenVPNAppExtension */,
			);
			productName = OpenVPNTunnel;
			productReference = AEB4AC6928EF79170076D0F6 /* OpenVPNTunnel.appex */;
			productType = "com.apple.product-type.app-extension";
		};
/* End PBXNativeTarget section */

/* Begin PBXProject section */
		AE6A728828E21AE3001628E2 /* Project object */ = {
			isa = PBXProject;
			attributes = {
				BuildIndependentTargetsInParallel = 1;
				LastSwiftUpdateCheck = 1400;
				LastUpgradeCheck = 1400;
				TargetAttributes = {
					AE6A728F28E21AE3001628E2 = {
						CreatedOnToolsVersion = 14.0;
					};
					AEB4AC6828EF79170076D0F6 = {
						CreatedOnToolsVersion = 14.0.1;
					};
				};
			};
			buildConfigurationList = AE6A728B28E21AE3001628E2 /* Build configuration list for PBXProject "hibernia-ios" */;
			compatibilityVersion = "Xcode 14.0";
			developmentRegion = en;
			hasScannedForEncodings = 0;
			knownRegions = (
				en,
				Base,
			);
			mainGroup = AE6A728728E21AE3001628E2;
			packageReferences = (
				AEB4AC4528EF6E900076D0F6 /* XCRemoteSwiftPackageReference "tunnelkit" */,
				AE0212E429BA678300B63047 /* XCRemoteSwiftPackageReference "purchases-ios" */,
				AE6F8AF629BFD97C00FDE418 /* XCRemoteSwiftPackageReference "qonversion-ios-sdk" */,
				AE6F8AF929C8C99600FDE418 /* XCRemoteSwiftPackageReference "firebase-ios-sdk" */,
			);
			productRefGroup = AE6A729128E21AE3001628E2 /* Products */;
			projectDirPath = "";
			projectRoot = "";
			targets = (
				AE6A728F28E21AE3001628E2 /* hibernia-ios */,
				AEB4AC6828EF79170076D0F6 /* OpenVPNTunnel */,
			);
		};
/* End PBXProject section */

/* Begin PBXResourcesBuildPhase section */
		AE6A728E28E21AE3001628E2 /* Resources */ = {
			isa = PBXResourcesBuildPhase;
			buildActionMask = 2147483647;
			files = (
				AEFCD1D728EC6D0C008D9694 /* Comfortaa-Bold.ttf in Resources */,
				AE0212EC29BA696400B63047 /* GoogleService-Info.plist in Resources */,
				AE6A729B28E21AE5001628E2 /* Preview Assets.xcassets in Resources */,
				AE6A729828E21AE5001628E2 /* Assets.xcassets in Resources */,
			);
			runOnlyForDeploymentPostprocessing = 0;
		};
		AEB4AC6728EF79170076D0F6 /* Resources */ = {
			isa = PBXResourcesBuildPhase;
			buildActionMask = 2147483647;
			files = (
			);
			runOnlyForDeploymentPostprocessing = 0;
		};
/* End PBXResourcesBuildPhase section */

/* Begin PBXSourcesBuildPhase section */
		AE6A728C28E21AE3001628E2 /* Sources */ = {
			isa = PBXSourcesBuildPhase;
			buildActionMask = 2147483647;
			files = (
				AE7D104C28EE53C5006BEB18 /* ErrorDisplayView.swift in Sources */,
				AEFCD1DA28EC6FE8008D9694 /* PurchaseSubscriptionButtonView.swift in Sources */,
				AE7D104828ECAD23006BEB18 /* IAPSubscriptionService.swift in Sources */,
				AE1D376F29279C2D003A46F4 /* DeviceCheckAppCheckProviderFactory.swift in Sources */,
				AEFCD1CD28E8F44A008D9694 /* VPNService.swift in Sources */,
				AE8EF995291FA39D00C554A0 /* AppAttestAppCheckProviderFactory.swift in Sources */,
				AEFCD1CF28E9EC81008D9694 /* NeumorphicViews.swift in Sources */,
				AE6A729628E21AE4001628E2 /* MainView.swift in Sources */,
				AEFCD1D328EA1945008D9694 /* CountrySelectorView.swift in Sources */,
				AE6A729428E21AE4001628E2 /* hibernia_iosApp.swift in Sources */,
				AEFCD1CB28E8875B008D9694 /* ColorExtension.swift in Sources */,
				AE1D376B29256138003A46F4 /* ConnectionToolbar.swift in Sources */,
				AEFCD1D128EA1909008D9694 /* VPNConnectButton.swift in Sources */,
				AEFCD1D528EBB7CC008D9694 /* ViewSwitcherBarButtonView.swift in Sources */,
				AE1D376D2925A919003A46F4 /* SimpleTimerService.swift in Sources */,
			);
			runOnlyForDeploymentPostprocessing = 0;
		};
		AEB4AC6528EF79170076D0F6 /* Sources */ = {
			isa = PBXSourcesBuildPhase;
			buildActionMask = 2147483647;
			files = (
				AEB4AC6D28EF79170076D0F6 /* PacketTunnelProvider.swift in Sources */,
			);
			runOnlyForDeploymentPostprocessing = 0;
		};
/* End PBXSourcesBuildPhase section */

/* Begin PBXTargetDependency section */
		AEB4AC7128EF79170076D0F6 /* PBXTargetDependency */ = {
			isa = PBXTargetDependency;
			target = AEB4AC6828EF79170076D0F6 /* OpenVPNTunnel */;
			targetProxy = AEB4AC7028EF79170076D0F6 /* PBXContainerItemProxy */;
		};
/* End PBXTargetDependency section */

/* Begin XCBuildConfiguration section */
		AE6A729C28E21AE5001628E2 /* Debug */ = {
			isa = XCBuildConfiguration;
			buildSettings = {
				ALWAYS_SEARCH_USER_PATHS = NO;
				CLANG_ANALYZER_NONNULL = YES;
				CLANG_ANALYZER_NUMBER_OBJECT_CONVERSION = YES_AGGRESSIVE;
				CLANG_CXX_LANGUAGE_STANDARD = "gnu++17";
				CLANG_ENABLE_MODULES = YES;
				CLANG_ENABLE_OBJC_ARC = YES;
				CLANG_ENABLE_OBJC_WEAK = YES;
				CLANG_WARN_BLOCK_CAPTURE_AUTORELEASING = YES;
				CLANG_WARN_BOOL_CONVERSION = YES;
				CLANG_WARN_COMMA = YES;
				CLANG_WARN_CONSTANT_CONVERSION = YES;
				CLANG_WARN_DEPRECATED_OBJC_IMPLEMENTATIONS = YES;
				CLANG_WARN_DIRECT_OBJC_ISA_USAGE = YES_ERROR;
				CLANG_WARN_DOCUMENTATION_COMMENTS = YES;
				CLANG_WARN_EMPTY_BODY = YES;
				CLANG_WARN_ENUM_CONVERSION = YES;
				CLANG_WARN_INFINITE_RECURSION = YES;
				CLANG_WARN_INT_CONVERSION = YES;
				CLANG_WARN_NON_LITERAL_NULL_CONVERSION = YES;
				CLANG_WARN_OBJC_IMPLICIT_RETAIN_SELF = YES;
				CLANG_WARN_OBJC_LITERAL_CONVERSION = YES;
				CLANG_WARN_OBJC_ROOT_CLASS = YES_ERROR;
				CLANG_WARN_QUOTED_INCLUDE_IN_FRAMEWORK_HEADER = YES;
				CLANG_WARN_RANGE_LOOP_ANALYSIS = YES;
				CLANG_WARN_STRICT_PROTOTYPES = YES;
				CLANG_WARN_SUSPICIOUS_MOVE = YES;
				CLANG_WARN_UNGUARDED_AVAILABILITY = YES_AGGRESSIVE;
				CLANG_WARN_UNREACHABLE_CODE = YES;
				CLANG_WARN__DUPLICATE_METHOD_MATCH = YES;
				COPY_PHASE_STRIP = NO;
				DEBUG_INFORMATION_FORMAT = dwarf;
				ENABLE_STRICT_OBJC_MSGSEND = YES;
				ENABLE_TESTABILITY = YES;
				GCC_C_LANGUAGE_STANDARD = gnu11;
				GCC_DYNAMIC_NO_PIC = NO;
				GCC_NO_COMMON_BLOCKS = YES;
				GCC_OPTIMIZATION_LEVEL = 0;
				GCC_PREPROCESSOR_DEFINITIONS = (
					"DEBUG=1",
					"$(inherited)",
				);
				GCC_WARN_64_TO_32_BIT_CONVERSION = YES;
				GCC_WARN_ABOUT_RETURN_TYPE = YES_ERROR;
				GCC_WARN_UNDECLARED_SELECTOR = YES;
				GCC_WARN_UNINITIALIZED_AUTOS = YES_AGGRESSIVE;
				GCC_WARN_UNUSED_FUNCTION = YES;
				GCC_WARN_UNUSED_VARIABLE = YES;
				IPHONEOS_DEPLOYMENT_TARGET = 15.0;
				MTL_ENABLE_DEBUG_INFO = INCLUDE_SOURCE;
				MTL_FAST_MATH = YES;
				ONLY_ACTIVE_ARCH = YES;
				SDKROOT = iphoneos;
				SWIFT_ACTIVE_COMPILATION_CONDITIONS = DEBUG;
				SWIFT_OPTIMIZATION_LEVEL = "-Onone";
			};
			name = Debug;
		};
		AE6A729D28E21AE5001628E2 /* Release */ = {
			isa = XCBuildConfiguration;
			buildSettings = {
				ALWAYS_SEARCH_USER_PATHS = NO;
				CLANG_ANALYZER_NONNULL = YES;
				CLANG_ANALYZER_NUMBER_OBJECT_CONVERSION = YES_AGGRESSIVE;
				CLANG_CXX_LANGUAGE_STANDARD = "gnu++17";
				CLANG_ENABLE_MODULES = YES;
				CLANG_ENABLE_OBJC_ARC = YES;
				CLANG_ENABLE_OBJC_WEAK = YES;
				CLANG_WARN_BLOCK_CAPTURE_AUTORELEASING = YES;
				CLANG_WARN_BOOL_CONVERSION = YES;
				CLANG_WARN_COMMA = YES;
				CLANG_WARN_CONSTANT_CONVERSION = YES;
				CLANG_WARN_DEPRECATED_OBJC_IMPLEMENTATIONS = YES;
				CLANG_WARN_DIRECT_OBJC_ISA_USAGE = YES_ERROR;
				CLANG_WARN_DOCUMENTATION_COMMENTS = YES;
				CLANG_WARN_EMPTY_BODY = YES;
				CLANG_WARN_ENUM_CONVERSION = YES;
				CLANG_WARN_INFINITE_RECURSION = YES;
				CLANG_WARN_INT_CONVERSION = YES;
				CLANG_WARN_NON_LITERAL_NULL_CONVERSION = YES;
				CLANG_WARN_OBJC_IMPLICIT_RETAIN_SELF = YES;
				CLANG_WARN_OBJC_LITERAL_CONVERSION = YES;
				CLANG_WARN_OBJC_ROOT_CLASS = YES_ERROR;
				CLANG_WARN_QUOTED_INCLUDE_IN_FRAMEWORK_HEADER = YES;
				CLANG_WARN_RANGE_LOOP_ANALYSIS = YES;
				CLANG_WARN_STRICT_PROTOTYPES = YES;
				CLANG_WARN_SUSPICIOUS_MOVE = YES;
				CLANG_WARN_UNGUARDED_AVAILABILITY = YES_AGGRESSIVE;
				CLANG_WARN_UNREACHABLE_CODE = YES;
				CLANG_WARN__DUPLICATE_METHOD_MATCH = YES;
				COPY_PHASE_STRIP = NO;
				DEBUG_INFORMATION_FORMAT = "dwarf-with-dsym";
				ENABLE_NS_ASSERTIONS = NO;
				ENABLE_STRICT_OBJC_MSGSEND = YES;
				GCC_C_LANGUAGE_STANDARD = gnu11;
				GCC_NO_COMMON_BLOCKS = YES;
				GCC_WARN_64_TO_32_BIT_CONVERSION = YES;
				GCC_WARN_ABOUT_RETURN_TYPE = YES_ERROR;
				GCC_WARN_UNDECLARED_SELECTOR = YES;
				GCC_WARN_UNINITIALIZED_AUTOS = YES_AGGRESSIVE;
				GCC_WARN_UNUSED_FUNCTION = YES;
				GCC_WARN_UNUSED_VARIABLE = YES;
				IPHONEOS_DEPLOYMENT_TARGET = 15.0;
				MTL_ENABLE_DEBUG_INFO = NO;
				MTL_FAST_MATH = YES;
				SDKROOT = iphoneos;
				SWIFT_COMPILATION_MODE = wholemodule;
				SWIFT_OPTIMIZATION_LEVEL = "-O";
				VALIDATE_PRODUCT = YES;
			};
			name = Release;
		};
		AE6A729F28E21AE5001628E2 /* Debug */ = {
			isa = XCBuildConfiguration;
			buildSettings = {
				ALWAYS_EMBED_SWIFT_STANDARD_LIBRARIES = YES;
				ASSETCATALOG_COMPILER_APPICON_NAME = AppIcon;
				ASSETCATALOG_COMPILER_GLOBAL_ACCENT_COLOR_NAME = AccentColor;
				CODE_SIGN_ENTITLEMENTS = "hibernia-ios/hibernia-ios.entitlements";
				CODE_SIGN_IDENTITY = "Apple Development";
				CODE_SIGN_STYLE = Automatic;
				CURRENT_PROJECT_VERSION = 1;
				DEVELOPMENT_ASSET_PATHS = "\"hibernia-ios/Preview Content\"";
				DEVELOPMENT_TEAM = 2AY446Y6M9;
				ENABLE_PREVIEWS = YES;
				GENERATE_INFOPLIST_FILE = YES;
				INFOPLIST_FILE = "hibernia-ios/Info.plist";
				INFOPLIST_KEY_CFBundleDisplayName = HiberniaVPN;
				INFOPLIST_KEY_LSApplicationCategoryType = "public.app-category.utilities";
				INFOPLIST_KEY_UIApplicationSceneManifest_Generation = YES;
				INFOPLIST_KEY_UIApplicationSupportsIndirectInputEvents = YES;
				INFOPLIST_KEY_UILaunchScreen_Generation = YES;
				INFOPLIST_KEY_UISupportedInterfaceOrientations = UIInterfaceOrientationPortrait;
				INFOPLIST_KEY_UISupportedInterfaceOrientations_iPad = "UIInterfaceOrientationLandscapeLeft UIInterfaceOrientationLandscapeRight UIInterfaceOrientationPortrait UIInterfaceOrientationPortraitUpsideDown";
				IPHONEOS_DEPLOYMENT_TARGET = 15.0;
				LD_RUNPATH_SEARCH_PATHS = (
					"$(inherited)",
					"@executable_path/Frameworks",
				);
				MARKETING_VERSION = 1.4.8;
				PRODUCT_BUNDLE_IDENTIFIER = "uk.co.volani.hibernia-ios";
				PRODUCT_NAME = "$(TARGET_NAME)";
				PROVISIONING_PROFILE_SPECIFIER = "";
				SUPPORTED_PLATFORMS = "iphoneos iphonesimulator";
				SUPPORTS_MACCATALYST = NO;
				SUPPORTS_MAC_DESIGNED_FOR_IPHONE_IPAD = YES;
				SWIFT_EMIT_LOC_STRINGS = YES;
				SWIFT_VERSION = 5.0;
				TARGETED_DEVICE_FAMILY = 1;
			};
			name = Debug;
		};
		AE6A72A028E21AE5001628E2 /* Release */ = {
			isa = XCBuildConfiguration;
			buildSettings = {
				ALWAYS_EMBED_SWIFT_STANDARD_LIBRARIES = YES;
				ASSETCATALOG_COMPILER_APPICON_NAME = AppIcon;
				ASSETCATALOG_COMPILER_GLOBAL_ACCENT_COLOR_NAME = AccentColor;
				CODE_SIGN_ENTITLEMENTS = "hibernia-ios/hibernia-ios.entitlements";
				CODE_SIGN_IDENTITY = "Apple Development";
				CODE_SIGN_STYLE = Automatic;
				CURRENT_PROJECT_VERSION = 1;
				DEVELOPMENT_ASSET_PATHS = "\"hibernia-ios/Preview Content\"";
				DEVELOPMENT_TEAM = 2AY446Y6M9;
				ENABLE_PREVIEWS = YES;
				GENERATE_INFOPLIST_FILE = YES;
				INFOPLIST_FILE = "hibernia-ios/Info.plist";
				INFOPLIST_KEY_CFBundleDisplayName = HiberniaVPN;
				INFOPLIST_KEY_LSApplicationCategoryType = "public.app-category.utilities";
				INFOPLIST_KEY_UIApplicationSceneManifest_Generation = YES;
				INFOPLIST_KEY_UIApplicationSupportsIndirectInputEvents = YES;
				INFOPLIST_KEY_UILaunchScreen_Generation = YES;
				INFOPLIST_KEY_UISupportedInterfaceOrientations = UIInterfaceOrientationPortrait;
				INFOPLIST_KEY_UISupportedInterfaceOrientations_iPad = "UIInterfaceOrientationLandscapeLeft UIInterfaceOrientationLandscapeRight UIInterfaceOrientationPortrait UIInterfaceOrientationPortraitUpsideDown";
				IPHONEOS_DEPLOYMENT_TARGET = 15.0;
				LD_RUNPATH_SEARCH_PATHS = (
					"$(inherited)",
					"@executable_path/Frameworks",
				);
				MARKETING_VERSION = 1.4.8;
				PRODUCT_BUNDLE_IDENTIFIER = "uk.co.volani.hibernia-ios";
				PRODUCT_NAME = "$(TARGET_NAME)";
				PROVISIONING_PROFILE_SPECIFIER = "";
				SUPPORTED_PLATFORMS = "iphoneos iphonesimulator";
				SUPPORTS_MACCATALYST = NO;
				SUPPORTS_MAC_DESIGNED_FOR_IPHONE_IPAD = YES;
				SWIFT_EMIT_LOC_STRINGS = YES;
				SWIFT_VERSION = 5.0;
				TARGETED_DEVICE_FAMILY = 1;
			};
			name = Release;
		};
		AEB4AC7428EF79170076D0F6 /* Debug */ = {
			isa = XCBuildConfiguration;
			buildSettings = {
				CLANG_CXX_LANGUAGE_STANDARD = "gnu++20";
				CODE_SIGN_ENTITLEMENTS = OpenVPNTunnel/OpenVPNTunnel.entitlements;
				CODE_SIGN_IDENTITY = "Apple Development";
				CODE_SIGN_STYLE = Automatic;
				CURRENT_PROJECT_VERSION = 1;
				DEVELOPMENT_TEAM = 2AY446Y6M9;
				GENERATE_INFOPLIST_FILE = YES;
				INFOPLIST_FILE = OpenVPNTunnel/Info.plist;
				INFOPLIST_KEY_CFBundleDisplayName = OpenVPNTunnel;
				INFOPLIST_KEY_NSHumanReadableCopyright = "";
				IPHONEOS_DEPLOYMENT_TARGET = 15.0;
				LD_RUNPATH_SEARCH_PATHS = (
					"$(inherited)",
					"@executable_path/Frameworks",
					"@executable_path/../../Frameworks",
				);
				MARKETING_VERSION = 1.4.8;
				PRODUCT_BUNDLE_IDENTIFIER = "uk.co.volani.hibernia-ios.OpenVPNTunnel";
				PRODUCT_NAME = "$(TARGET_NAME)";
				PROVISIONING_PROFILE_SPECIFIER = "";
				SKIP_INSTALL = YES;
				SWIFT_EMIT_LOC_STRINGS = YES;
				SWIFT_VERSION = 5.0;
				TARGETED_DEVICE_FAMILY = "1,2";
			};
			name = Debug;
		};
		AEB4AC7528EF79170076D0F6 /* Release */ = {
			isa = XCBuildConfiguration;
			buildSettings = {
				CLANG_CXX_LANGUAGE_STANDARD = "gnu++20";
				CODE_SIGN_ENTITLEMENTS = OpenVPNTunnel/OpenVPNTunnel.entitlements;
				CODE_SIGN_IDENTITY = "Apple Development";
				CODE_SIGN_STYLE = Automatic;
				CURRENT_PROJECT_VERSION = 1;
				DEVELOPMENT_TEAM = 2AY446Y6M9;
				GENERATE_INFOPLIST_FILE = YES;
				INFOPLIST_FILE = OpenVPNTunnel/Info.plist;
				INFOPLIST_KEY_CFBundleDisplayName = OpenVPNTunnel;
				INFOPLIST_KEY_NSHumanReadableCopyright = "";
				IPHONEOS_DEPLOYMENT_TARGET = 15.0;
				LD_RUNPATH_SEARCH_PATHS = (
					"$(inherited)",
					"@executable_path/Frameworks",
					"@executable_path/../../Frameworks",
				);
				MARKETING_VERSION = 1.4.8;
				PRODUCT_BUNDLE_IDENTIFIER = "uk.co.volani.hibernia-ios.OpenVPNTunnel";
				PRODUCT_NAME = "$(TARGET_NAME)";
				PROVISIONING_PROFILE_SPECIFIER = "";
				SKIP_INSTALL = YES;
				SWIFT_EMIT_LOC_STRINGS = YES;
				SWIFT_VERSION = 5.0;
				TARGETED_DEVICE_FAMILY = "1,2";
			};
			name = Release;
		};
/* End XCBuildConfiguration section */

/* Begin XCConfigurationList section */
		AE6A728B28E21AE3001628E2 /* Build configuration list for PBXProject "hibernia-ios" */ = {
			isa = XCConfigurationList;
			buildConfigurations = (
				AE6A729C28E21AE5001628E2 /* Debug */,
				AE6A729D28E21AE5001628E2 /* Release */,
			);
			defaultConfigurationIsVisible = 0;
			defaultConfigurationName = Release;
		};
		AE6A729E28E21AE5001628E2 /* Build configuration list for PBXNativeTarget "hibernia-ios" */ = {
			isa = XCConfigurationList;
			buildConfigurations = (
				AE6A729F28E21AE5001628E2 /* Debug */,
				AE6A72A028E21AE5001628E2 /* Release */,
			);
			defaultConfigurationIsVisible = 0;
			defaultConfigurationName = Release;
		};
		AEB4AC7328EF79170076D0F6 /* Build configuration list for PBXNativeTarget "OpenVPNTunnel" */ = {
			isa = XCConfigurationList;
			buildConfigurations = (
				AEB4AC7428EF79170076D0F6 /* Debug */,
				AEB4AC7528EF79170076D0F6 /* Release */,
			);
			defaultConfigurationIsVisible = 0;
			defaultConfigurationName = Release;
		};
/* End XCConfigurationList section */

/* Begin XCRemoteSwiftPackageReference section */
		AE0212E429BA678300B63047 /* XCRemoteSwiftPackageReference "purchases-ios" */ = {
			isa = XCRemoteSwiftPackageReference;
			repositoryURL = "https://github.com/RevenueCat/purchases-ios.git";
			requirement = {
				kind = upToNextMajorVersion;
				minimumVersion = 4.0.0;
			};
		};
		AE6F8AF629BFD97C00FDE418 /* XCRemoteSwiftPackageReference "qonversion-ios-sdk" */ = {
			isa = XCRemoteSwiftPackageReference;
			repositoryURL = "https://github.com/qonversion/qonversion-ios-sdk";
			requirement = {
				branch = develop;
				kind = branch;
			};
		};
		AE6F8AF929C8C99600FDE418 /* XCRemoteSwiftPackageReference "firebase-ios-sdk" */ = {
			isa = XCRemoteSwiftPackageReference;
			repositoryURL = "https://github.com/firebase/firebase-ios-sdk.git";
			requirement = {
				branch = master;
				kind = branch;
			};
		};
		AEB4AC4528EF6E900076D0F6 /* XCRemoteSwiftPackageReference "tunnelkit" */ = {
			isa = XCRemoteSwiftPackageReference;
			repositoryURL = "https://github.com/passepartoutvpn/tunnelkit.git";
			requirement = {
				branch = master;
				kind = branch;
			};
		};
/* End XCRemoteSwiftPackageReference section */

/* Begin XCSwiftPackageProductDependency section */
		AE0212E529BA678300B63047 /* ReceiptParser */ = {
			isa = XCSwiftPackageProductDependency;
			package = AE0212E429BA678300B63047 /* XCRemoteSwiftPackageReference "purchases-ios" */;
			productName = ReceiptParser;
		};
		AE0212E729BA678300B63047 /* RevenueCat */ = {
			isa = XCSwiftPackageProductDependency;
			package = AE0212E429BA678300B63047 /* XCRemoteSwiftPackageReference "purchases-ios" */;
			productName = RevenueCat;
		};
		AE6F8AF729BFD97C00FDE418 /* Qonversion */ = {
			isa = XCSwiftPackageProductDependency;
			package = AE6F8AF629BFD97C00FDE418 /* XCRemoteSwiftPackageReference "qonversion-ios-sdk" */;
			productName = Qonversion;
		};
		AE6F8AFA29C8C99600FDE418 /* FirebaseAppCheck */ = {
			isa = XCSwiftPackageProductDependency;
			package = AE6F8AF929C8C99600FDE418 /* XCRemoteSwiftPackageReference "firebase-ios-sdk" */;
			productName = FirebaseAppCheck;
		};
		AE6F8AFC29C8C99600FDE418 /* FirebaseFirestoreSwift */ = {
			isa = XCSwiftPackageProductDependency;
			package = AE6F8AF929C8C99600FDE418 /* XCRemoteSwiftPackageReference "firebase-ios-sdk" */;
			productName = FirebaseFirestoreSwift;
		};
		AE6F8AFE29C8C99600FDE418 /* FirebaseMessaging */ = {
			isa = XCSwiftPackageProductDependency;
			package = AE6F8AF929C8C99600FDE418 /* XCRemoteSwiftPackageReference "firebase-ios-sdk" */;
			productName = FirebaseMessaging;
		};
		AE6F8B0029C8C99600FDE418 /* FirebaseRemoteConfigSwift */ = {
			isa = XCSwiftPackageProductDependency;
			package = AE6F8AF929C8C99600FDE418 /* XCRemoteSwiftPackageReference "firebase-ios-sdk" */;
			productName = FirebaseRemoteConfigSwift;
		};
		AEB4AC7628EF79930076D0F6 /* TunnelKitOpenVPN */ = {
			isa = XCSwiftPackageProductDependency;
			package = AEB4AC4528EF6E900076D0F6 /* XCRemoteSwiftPackageReference "tunnelkit" */;
			productName = TunnelKitOpenVPN;
		};
		AEB4AC7828EF79A00076D0F6 /* TunnelKitOpenVPNAppExtension */ = {
			isa = XCSwiftPackageProductDependency;
			package = AEB4AC4528EF6E900076D0F6 /* XCRemoteSwiftPackageReference "tunnelkit" */;
			productName = TunnelKitOpenVPNAppExtension;
		};
/* End XCSwiftPackageProductDependency section */
	};
	rootObject = AE6A728828E21AE3001628E2 /* Project object */;
}
